
Microsoft Visual Studio Solution File, Format Version 12.00
# Visual Studio Version 17
VisualStudioVersion = 17.4.33110.190
MinimumVisualStudioVersion = 10.0.40219.1
Project("{FAE04EC0-301F-11D3-BF4B-00C04F79EFBC}") = "18prAppConsole", "18prAppConsole\18prAppConsole.csproj", "{F6779E56-AF03-483D-A11F-4D43B7ADE74B}"
EndProject
Global
	GlobalSection(SolutionConfigurationPlatforms) = preSolution
		Debug|Any CPU = Debug|Any CPU
		Release|Any CPU = Release|Any CPU
	EndGlobalSection
	GlobalSection(ProjectConfigurationPlatforms) = postSolution
		{F6779E56-AF03-483D-A11F-4D43B7ADE74B}.Debug|Any CPU.ActiveCfg = Debug|Any CPU
		{F6779E56-AF03-483D-A11F-4D43B7ADE74B}.Debug|Any CPU.Build.0 = Debug|Any CPU
		{F6779E56-AF03-483D-A11F-4D43B7ADE74B}.Release|Any CPU.ActiveCfg = Release|Any CPU
		{F6779E56-AF03-483D-A11F-4D43B7ADE74B}.Release|Any CPU.Build.0 = Release|Any CPU
	EndGlobalSection
	GlobalSection(SolutionProperties) = preSolution
		HideSolutionNode = FALSE
	EndGlobalSection
	GlobalSection(ExtensibilityGlobals) = postSolution
		SolutionGuid = {0D7C2666-FBB5-40FA-B4F2-64C01E2A006B}
	EndGlobalSection
EndGlobal
